{
  "name": "tier2-exec-spike-exec",
  "lockfileVersion": 3,
  "requires": true,
  "packages": {
    "": {
      "name": "tier2-exec-spike-exec",
      "dependencies": {
        "workerd": "1.20260925.1"
      }
    },
    "node_modules/@cloudflare/workerd-darwin-64": {
      "version": "1.20260925.1",
      "resolved": "https://registry.npmjs.org/@cloudflare/workerd-darwin-64/-/workerd-darwin-64-1.20260925.1.tgz",
      "integrity": "sha512-GFDjFo5jfmg98iiy73DOZjHRV+lPWaeGeJ6MbtUIVyostkh9L69KliaAWVytBHCSp36o3NNZOQ0CN8VrqO3+8A==",
      "cpu": [
        "x64"
      ],
      "license": "Apache-2.0",
      "optional": true,
      "os": [
        "darwin"
      ],
      "engines": {
        "node": ">=16"
      }
    },
    "node_modules/@cloudflare/workerd-darwin-arm64": {
      "version": "1.20260925.1",
      "resolved": "https://registry.npmjs.org/@cloudflare/workerd-darwin-arm64/-/workerd-darwin-arm64-1.20260925.1.tgz",
      "integrity": "sha512-b3BLoP9NkF6b2QOQFs8wFfOt9XSH3jVtacdGn9lcvkUCdPq7F6CfDlleHqyQEnDfZ32lH5jgMRTdaMHUPf/XbA==",
      "cpu": [
        "arm64"
      ],
      "license": "Apache-2.0",
      "optional": true,
      "os": [
        "darwin"
      ],
      "engines": {
        "node": ">=16"
      }
    },
    "node_modules/@cloudflare/workerd-linux-64": {
      "version": "1.20260925.1",
      "resolved": "https://registry.npmjs.org/@cloudflare/workerd-linux-64/-/workerd-linux-64-1.20260925.1.tgz",
      "integrity": "sha512-LczXd6uEMqEmBxBJPFwplRIwKmUHqj5t8hilIWOtbX5i0TFp7/iMYBXbAiIhvZnev+8yiTyA7uWBBjDvfPh5Ug==",
      "cpu": [
        "x64"
      ],
      "license": "Apache-2.0",
      "optional": true,
      "os": [
        "linux"
      ],
      "engines": {
        "node": ">=16"
      }
    },
    "node_modules/@cloudflare/workerd-linux-arm64": {
      "version": "1.20260925.1",
      "resolved": "https://registry.npmjs.org/@cloudflare/workerd-linux-arm64/-/workerd-linux-arm64-1.20260925.1.tgz",
      "integrity": "sha512-hziOugQbLuva85w8z9bGJbEtABKzSip653x0NgvxgP/Q3n1TpRqRyIJRBufbSUZRkJlfH2se2nQaTx2OU0TT3g==",
      "cpu": [
        "arm64"
      ],
      "license": "Apache-2.0",
      "optional": true,
      "os": [
        "linux"
      ],
      "engines": {
        "node": ">=16"
      }
    },
    "node_modules/@cloudflare/workerd-windows-64": {
      "version": "1.20260925.1",
      "resolved": "https://registry.npmjs.org/@cloudflare/workerd-windows-64/-/workerd-windows-64-1.20260925.1.tgz",
      "integrity": "sha512-mG0JYuF6HVCgXSsNeB5os8Vtdprk5jHPysviKNNMHJSLA3Q1djFjSmK4+pnQR/zOAgzNo0HJ+Tpcz+tZj1Q7fQ==",
      "cpu": [
        "x64"
      ],
      "license": "Apache-2.0",
      "optional": true,
      "os": [
        "win32"
      ],
      "engines": {
        "node": ">=16"
      }
    },
    "node_modules/workerd": {
      "version": "1.20260925.1",
      "resolved": "https://registry.npmjs.org/workerd/-/workerd-1.20260925.1.tgz",
      "integrity": "sha512-cl7Mrvhm+xEC9brMBIWIHyfYl7y5dGH3CjQog6CglWhgRwAq+/b+2gHBXNQb4hsjLXQVCuCYExJRYCjEaZmAlA==",
      "hasInstallScript": true,
      "license": "Apache-2.0",
      "bin": {
        "workerd": "bin/workerd"
      },
      "engines": {
        "node": ">=16"
      },
      "optionalDependencies": {
        "@cloudflare/workerd-darwin-64": "1.20260925.1",
        "@cloudflare/workerd-darwin-arm64": "1.20260925.1",
        "@cloudflare/workerd-linux-64": "1.20260925.1",
        "@cloudflare/workerd-linux-arm64": "1.20260925.1",
        "@cloudflare/workerd-windows-64": "1.20260925.1"
      }
    }
  }
}
